
Microsoft Visual Studio Solution File, Format Version 12.00
# Visual Studio Version 16
VisualStudioVersion = 16.0.32106.194
MinimumVisualStudioVersion = 10.0.40219.1
Project("{FAE04EC0-301F-11D3-BF4B-00C04F79EFBC}") = "POC.AnalyticsProducer.Application", "src\POC.AnalyticsProducer.Application\POC.AnalyticsProducer.Application\POC.AnalyticsProducer.Application.csproj", "{CE91F3C0-5B9F-4FA5-907F-F7A984D6CE93}"
EndProject
Project("{FAE04EC0-301F-11D3-BF4B-00C04F79EFBC}") = "POC.AnalyticsProducer.Infrastructure", "src\POC.AnalyticsProducer.Infrastructure\POC.AnalyticsProducer.Infrastructure\POC.AnalyticsProducer.Infrastructure.csproj", "{0C54C75D-F8E9-4EC8-8E15-00C301D86C6B}"
EndProject
Project("{FAE04EC0-301F-11D3-BF4B-00C04F79EFBC}") = "POC.AnalyticsProducer.API", "..\POC.AnalyticsProducer.API\POC.AnalyticsProducer.API.csproj", "{82ED4F64-F4BA-4328-BFB7-5998E9524CAA}"
EndProject
Global
	GlobalSection(SolutionConfigurationPlatforms) = preSolution
		Debug|Any CPU = Debug|Any CPU
		Release|Any CPU = Release|Any CPU
	EndGlobalSection
	GlobalSection(ProjectConfigurationPlatforms) = postSolution
		{CE91F3C0-5B9F-4FA5-907F-F7A984D6CE93}.Debug|Any CPU.ActiveCfg = Debug|Any CPU
		{CE91F3C0-5B9F-4FA5-907F-F7A984D6CE93}.Debug|Any CPU.Build.0 = Debug|Any CPU
		{CE91F3C0-5B9F-4FA5-907F-F7A984D6CE93}.Release|Any CPU.ActiveCfg = Release|Any CPU
		{CE91F3C0-5B9F-4FA5-907F-F7A984D6CE93}.Release|Any CPU.Build.0 = Release|Any CPU
		{0C54C75D-F8E9-4EC8-8E15-00C301D86C6B}.Debug|Any CPU.ActiveCfg = Debug|Any CPU
		{0C54C75D-F8E9-4EC8-8E15-00C301D86C6B}.Debug|Any CPU.Build.0 = Debug|Any CPU
		{0C54C75D-F8E9-4EC8-8E15-00C301D86C6B}.Release|Any CPU.ActiveCfg = Release|Any CPU
		{0C54C75D-F8E9-4EC8-8E15-00C301D86C6B}.Release|Any CPU.Build.0 = Release|Any CPU
		{82ED4F64-F4BA-4328-BFB7-5998E9524CAA}.Debug|Any CPU.ActiveCfg = Debug|Any CPU
		{82ED4F64-F4BA-4328-BFB7-5998E9524CAA}.Debug|Any CPU.Build.0 = Debug|Any CPU
		{82ED4F64-F4BA-4328-BFB7-5998E9524CAA}.Release|Any CPU.ActiveCfg = Release|Any CPU
		{82ED4F64-F4BA-4328-BFB7-5998E9524CAA}.Release|Any CPU.Build.0 = Release|Any CPU
	EndGlobalSection
	GlobalSection(SolutionProperties) = preSolution
		HideSolutionNode = FALSE
	EndGlobalSection
	GlobalSection(ExtensibilityGlobals) = postSolution
		SolutionGuid = {14BE986C-D1C5-4F79-9BBF-93851DF769A3}
	EndGlobalSection
EndGlobal
