
Microsoft Visual Studio Solution File, Format Version 12.00
# Visual Studio Version 16
VisualStudioVersion = 16.0.32106.194
MinimumVisualStudioVersion = 10.0.40219.1
Project("{2150E333-8FDC-42A3-9474-1A3956D46DE8}") = "Services", "Services", "{F81E8FE1-B978-436C-8926-9B249DA66D4D}"
EndProject
Project("{2150E333-8FDC-42A3-9474-1A3956D46DE8}") = "Producer", "Producer", "{04E14BAC-CC81-4273-A8B4-70E95DD57836}"
EndProject
Project("{2150E333-8FDC-42A3-9474-1A3956D46DE8}") = "Consumer", "Consumer", "{5ED3ECE7-2AEC-4B2B-AA5F-128ABCE1DC68}"
EndProject
Global
	GlobalSection(SolutionProperties) = preSolution
		HideSolutionNode = FALSE
	EndGlobalSection
	GlobalSection(NestedProjects) = preSolution
		{04E14BAC-CC81-4273-A8B4-70E95DD57836} = {F81E8FE1-B978-436C-8926-9B249DA66D4D}
		{5ED3ECE7-2AEC-4B2B-AA5F-128ABCE1DC68} = {F81E8FE1-B978-436C-8926-9B249DA66D4D}
	EndGlobalSection
	GlobalSection(ExtensibilityGlobals) = postSolution
		SolutionGuid = {14BE986C-D1C5-4F79-9BBF-93851DF769A3}
	EndGlobalSection
EndGlobal
